
Microsoft Visual Studio Solution File, Format Version 12.00
# Visual Studio Version 16
VisualStudioVersion = 16.0.31205.134
MinimumVisualStudioVersion = 10.0.40219.1
Project("{FAE04EC0-301F-11D3-BF4B-00C04F79EFBC}") = "Homework4", "Homework4.csproj", "{A578F425-832C-4738-B0EC-0BC6B4AF7F96}"
EndProject
Global
	GlobalSection(SolutionConfigurationPlatforms) = preSolution
		Debug|Any CPU = Debug|Any CPU
		Release|Any CPU = Release|Any CPU
	EndGlobalSection
	GlobalSection(ProjectConfigurationPlatforms) = postSolution
		{A578F425-832C-4738-B0EC-0BC6B4AF7F96}.Debug|Any CPU.ActiveCfg = Debug|Any CPU
		{A578F425-832C-4738-B0EC-0BC6B4AF7F96}.Debug|Any CPU.Build.0 = Debug|Any CPU
		{A578F425-832C-4738-B0EC-0BC6B4AF7F96}.Release|Any CPU.ActiveCfg = Release|Any CPU
		{A578F425-832C-4738-B0EC-0BC6B4AF7F96}.Release|Any CPU.Build.0 = Release|Any CPU
	EndGlobalSection
	GlobalSection(SolutionProperties) = preSolution
		HideSolutionNode = FALSE
	EndGlobalSection
	GlobalSection(ExtensibilityGlobals) = postSolution
		SolutionGuid = {68F6D211-EC4D-40BC-B65C-25EE5242C12C}
	EndGlobalSection
EndGlobal
